// !$*UTF8*$!
{
	archiveVersion = 1;
	classes = {
	};
	objectVersion = 46;
	objects = {

/* Begin PBXBuildFile section */
		7DBFB4C21D40ADDE00747E19 /* main.m in Sources */ = {isa = PBXBuildFile; fileRef = 7DBFB4C11D40ADDE00747E19 /* main.m */; };
		7DBFB4C51D40ADDE00747E19 /* AppDelegate.m in Sources */ = {isa = PBXBuildFile; fileRef = 7DBFB4C41D40ADDE00747E19 /* AppDelegate.m */; };
		7DBFB4C81D40ADDE00747E19 /* ViewController.m in Sources */ = {isa = PBXBuildFile; fileRef = 7DBFB4C71D40ADDE00747E19 /* ViewController.m */; };
		7DBFB4CB1D40ADDE00747E19 /* Main.storyboard in Resources */ = {isa = PBXBuildFile; fileRef = 7DBFB4C91D40ADDE00747E19 /* Main.storyboard */; };
		7DBFB4CD1D40ADDE00747E19 /* Assets.xcassets in Resources */ = {isa = PBXBuildFile; fileRef = 7DBFB4CC1D40ADDE00747E19 /* Assets.xcassets */; };
		7DBFB4D01D40ADDE00747E19 /* LaunchScreen.storyboard in Resources */ = {isa = PBXBuildFile; fileRef = 7DBFB4CE1D40ADDE00747E19 /* LaunchScreen.storyboard */; };
		7DBFB4DB1D40ADDE00747E19 /* EBTWaterWaveDemoTests.m in Sources */ = {isa = PBXBuildFile; fileRef = 7DBFB4DA1D40ADDE00747E19 /* EBTWaterWaveDemoTests.m */; };
		7DBFB4E61D40ADDE00747E19 /* EBTWaterWaveDemoUITests.m in Sources */ = {isa = PBXBuildFile; fileRef = 7DBFB4E51D40ADDE00747E19 /* EBTWaterWaveDemoUITests.m */; };
		7DBFB4F61D40AE2600747E19 /* EBTWaterWaveView.m in Sources */ = {isa = PBXBuildFile; fileRef = 7DBFB4F51D40AE2600747E19 /* EBTWaterWaveView.m */; };
/* End PBXBuildFile section */

/* Begin PBXContainerItemProxy section */
		7DBFB4D71D40ADDE00747E19 /* PBXContainerItemProxy */ = {
			isa = PBXContainerItemProxy;
			containerPortal = 7DBFB4B51D40ADDE00747E19 /* Project object */;
			proxyType = 1;
			remoteGlobalIDString = 7DBFB4BC1D40ADDE00747E19;
			remoteInfo = EBTWaterWaveDemo;
		};
		7DBFB4E21D40ADDE00747E19 /* PBXContainerItemProxy */ = {
			isa = PBXContainerItemProxy;
			containerPortal = 7DBFB4B51D40ADDE00747E19 /* Project object */;
			proxyType = 1;
			remoteGlobalIDString = 7DBFB4BC1D40ADDE00747E19;
			remoteInfo = EBTWaterWaveDemo;
		};
/* End PBXContainerItemProxy section */

/* Begin PBXFileReference section */
		7DBFB4BD1D40ADDE00747E19 /* EBTWaterWaveDemo.app */ = {isa = PBXFileReference; explicitFileType = wrapper.application; includeInIndex = 0; path = EBTWaterWaveDemo.app; sourceTree = BUILT_PRODUCTS_DIR; };
		7DBFB4C11D40ADDE00747E19 /* main.m */ = {isa = PBXFileReference; lastKnownFileType = sourcecode.c.objc; path = main.m; sourceTree = "<group>"; };
		7DBFB4C31D40ADDE00747E19 /* AppDelegate.h */ = {isa = PBXFileReference; lastKnownFileType = sourcecode.c.h; path = AppDelegate.h; sourceTree = "<group>"; };
		7DBFB4C41D40ADDE00747E19 /* AppDelegate.m */ = {isa = PBXFileReference; lastKnownFileType = sourcecode.c.objc; path = AppDelegate.m; sourceTree = "<group>"; };
		7DBFB4C61D40ADDE00747E19 /* ViewController.h */ = {isa = PBXFileReference; lastKnownFileType = sourcecode.c.h; path = ViewController.h; sourceTree = "<group>"; };
		7DBFB4C71D40ADDE00747E19 /* ViewController.m */ = {isa = PBXFileReference; lastKnownFileType = sourcecode.c.objc; path = ViewController.m; sourceTree = "<group>"; };
		7DBFB4CA1D40ADDE00747E19 /* Base */ = {isa = PBXFileReference; lastKnownFileType = file.storyboard; name = Base; path = Base.lproj/Main.storyboard; sourceTree = "<group>"; };
		7DBFB4CC1D40ADDE00747E19 /* Assets.xcassets */ = {isa = PBXFileReference; lastKnownFileType = folder.assetcatalog; path = Assets.xcassets; sourceTree = "<group>"; };
		7DBFB4CF1D40ADDE00747E19 /* Base */ = {isa = PBXFileReference; lastKnownFileType = file.storyboard; name = Base; path = Base.lproj/LaunchScreen.storyboard; sourceTree = "<group>"; };
		7DBFB4D11D40ADDE00747E19 /* Info.plist */ = {isa = PBXFileReference; lastKnownFileType = text.plist.xml; path = Info.plist; sourceTree = "<group>"; };
		7DBFB4D61D40ADDE00747E19 /* EBTWaterWaveDemoTests.xctest */ = {isa = PBXFileReference; explicitFileType = wrapper.cfbundle; includeInIndex = 0; path = EBTWaterWaveDemoTests.xctest; sourceTree = BUILT_PRODUCTS_DIR; };
		7DBFB4DA1D40ADDE00747E19 /* EBTWaterWaveDemoTests.m */ = {isa = PBXFileReference; lastKnownFileType = sourcecode.c.objc; path = EBTWaterWaveDemoTests.m; sourceTree = "<group>"; };
		7DBFB4DC1D40ADDE00747E19 /* Info.plist */ = {isa = PBXFileReference; lastKnownFileType = text.plist.xml; path = Info.plist; sourceTree = "<group>"; };
		7DBFB4E11D40ADDE00747E19 /* EBTWaterWaveDemoUITests.xctest */ = {isa = PBXFileReference; explicitFileType = wrapper.cfbundle; includeInIndex = 0; path = EBTWaterWaveDemoUITests.xctest; sourceTree = BUILT_PRODUCTS_DIR; };
		7DBFB4E51D40ADDE00747E19 /* EBTWaterWaveDemoUITests.m */ = {isa = PBXFileReference; lastKnownFileType = sourcecode.c.objc; path = EBTWaterWaveDemoUITests.m; sourceTree = "<group>"; };
		7DBFB4E71D40ADDE00747E19 /* Info.plist */ = {isa = PBXFileReference; lastKnownFileType = text.plist.xml; path = Info.plist; sourceTree = "<group>"; };
		7DBFB4F41D40AE2600747E19 /* EBTWaterWaveView.h */ = {isa = PBXFileReference; fileEncoding = 4; lastKnownFileType = sourcecode.c.h; path = EBTWaterWaveView.h; sourceTree = "<group>"; };
		7DBFB4F51D40AE2600747E19 /* EBTWaterWaveView.m */ = {isa = PBXFileReference; fileEncoding = 4; lastKnownFileType = sourcecode.c.objc; path = EBTWaterWaveView.m; sourceTree = "<group>"; };
/* End PBXFileReference section */

/* Begin PBXFrameworksBuildPhase section */
		7DBFB4BA1D40ADDE00747E19 /* Frameworks */ = {
			isa = PBXFrameworksBuildPhase;
			buildActionMask = 2147483647;
			files = (
			);
			runOnlyForDeploymentPostprocessing = 0;
		};
		7DBFB4D31D40ADDE00747E19 /* Frameworks */ = {
			isa = PBXFrameworksBuildPhase;
			buildActionMask = 2147483647;
			files = (
			);
			runOnlyForDeploymentPostprocessing = 0;
		};
		7DBFB4DE1D40ADDE00747E19 /* Frameworks */ = {
			isa = PBXFrameworksBuildPhase;
			buildActionMask = 2147483647;
			files = (
			);
			runOnlyForDeploymentPostprocessing = 0;
		};
/* End PBXFrameworksBuildPhase section */

/* Begin PBXGroup section */
		7DBFB4B41D40ADDE00747E19 = {
			isa = PBXGroup;
			children = (
				7DBFB4BF1D40ADDE00747E19 /* EBTWaterWaveDemo */,
				7DBFB4D91D40ADDE00747E19 /* EBTWaterWaveDemoTests */,
				7DBFB4E41D40ADDE00747E19 /* EBTWaterWaveDemoUITests */,
				7DBFB4BE1D40ADDE00747E19 /* Products */,
			);
			sourceTree = "<group>";
		};
		7DBFB4BE1D40ADDE00747E19 /* Products */ = {
			isa = PBXGroup;
			children = (
				7DBFB4BD1D40ADDE00747E19 /* EBTWaterWaveDemo.app */,
				7DBFB4D61D40ADDE00747E19 /* EBTWaterWaveDemoTests.xctest */,
				7DBFB4E11D40ADDE00747E19 /* EBTWaterWaveDemoUITests.xctest */,
			);
			name = Products;
			sourceTree = "<group>";
		};
		7DBFB4BF1D40ADDE00747E19 /* EBTWaterWaveDemo */ = {
			isa = PBXGroup;
			children = (
				7DBFB4F31D40AE1700747E19 /* EBTWaterWaveView */,
				7DBFB4C31D40ADDE00747E19 /* AppDelegate.h */,
				7DBFB4C41D40ADDE00747E19 /* AppDelegate.m */,
				7DBFB4C61D40ADDE00747E19 /* ViewController.h */,
				7DBFB4C71D40ADDE00747E19 /* ViewController.m */,
				7DBFB4C91D40ADDE00747E19 /* Main.storyboard */,
				7DBFB4CC1D40ADDE00747E19 /* Assets.xcassets */,
				7DBFB4CE1D40ADDE00747E19 /* LaunchScreen.storyboard */,
				7DBFB4D11D40ADDE00747E19 /* Info.plist */,
				7DBFB4C01D40ADDE00747E19 /* Supporting Files */,
			);
			path = EBTWaterWaveDemo;
			sourceTree = "<group>";
		};
		7DBFB4C01D40ADDE00747E19 /* Supporting Files */ = {
			isa = PBXGroup;
			children = (
				7DBFB4C11D40ADDE00747E19 /* main.m */,
			);
			name = "Supporting Files";
			sourceTree = "<group>";
		};
		7DBFB4D91D40ADDE00747E19 /* EBTWaterWaveDemoTests */ = {
			isa = PBXGroup;
			children = (
				7DBFB4DA1D40ADDE00747E19 /* EBTWaterWaveDemoTests.m */,
				7DBFB4DC1D40ADDE00747E19 /* Info.plist */,
			);
			path = EBTWaterWaveDemoTests;
			sourceTree = "<group>";
		};
		7DBFB4E41D40ADDE00747E19 /* EBTWaterWaveDemoUITests */ = {
			isa = PBXGroup;
			children = (
				7DBFB4E51D40ADDE00747E19 /* EBTWaterWaveDemoUITests.m */,
				7DBFB4E71D40ADDE00747E19 /* Info.plist */,
			);
			path = EBTWaterWaveDemoUITests;
			sourceTree = "<group>";
		};
		7DBFB4F31D40AE1700747E19 /* EBTWaterWaveView */ = {
			isa = PBXGroup;
			children = (
				7DBFB4F41D40AE2600747E19 /* EBTWaterWaveView.h */,
				7DBFB4F51D40AE2600747E19 /* EBTWaterWaveView.m */,
			);
			path = EBTWaterWaveView;
			sourceTree = "<group>";
		};
/* End PBXGroup section */

/* Begin PBXNativeTarget section */
		7DBFB4BC1D40ADDE00747E19 /* EBTWaterWaveDemo */ = {
			isa = PBXNativeTarget;
			buildConfigurationList = 7DBFB4EA1D40ADDE00747E19 /* Build configuration list for PBXNativeTarget "EBTWaterWaveDemo" */;
			buildPhases = (
				7DBFB4B91D40ADDE00747E19 /* Sources */,
				7DBFB4BA1D40ADDE00747E19 /* Frameworks */,
				7DBFB4BB1D40ADDE00747E19 /* Resources */,
			);
			buildRules = (
			);
			dependencies = (
			);
			name = EBTWaterWaveDemo;
			productName = EBTWaterWaveDemo;
			productReference = 7DBFB4BD1D40ADDE00747E19 /* EBTWaterWaveDemo.app */;
			productType = "com.apple.product-type.application";
		};
		7DBFB4D51D40ADDE00747E19 /* EBTWaterWaveDemoTests */ = {
			isa = PBXNativeTarget;
			buildConfigurationList = 7DBFB4ED1D40ADDE00747E19 /* Build configuration list for PBXNativeTarget "EBTWaterWaveDemoTests" */;
			buildPhases = (
				7DBFB4D21D40ADDE00747E19 /* Sources */,
				7DBFB4D31D40ADDE00747E19 /* Frameworks */,
				7DBFB4D41D40ADDE00747E19 /* Resources */,
			);
			buildRules = (
			);
			dependencies = (
				7DBFB4D81D40ADDE00747E19 /* PBXTargetDependency */,
			);
			name = EBTWaterWaveDemoTests;
			productName = EBTWaterWaveDemoTests;
			productReference = 7DBFB4D61D40ADDE00747E19 /* EBTWaterWaveDemoTests.xctest */;
			productType = "com.apple.product-type.bundle.unit-test";
		};
		7DBFB4E01D40ADDE00747E19 /* EBTWaterWaveDemoUITests */ = {
			isa = PBXNativeTarget;
			buildConfigurationList = 7DBFB4F01D40ADDE00747E19 /* Build configuration list for PBXNativeTarget "EBTWaterWaveDemoUITests" */;
			buildPhases = (
				7DBFB4DD1D40ADDE00747E19 /* Sources */,
				7DBFB4DE1D40ADDE00747E19 /* Frameworks */,
				7DBFB4DF1D40ADDE00747E19 /* Resources */,
			);
			buildRules = (
			);
			dependencies = (
				7DBFB4E31D40ADDE00747E19 /* PBXTargetDependency */,
			);
			name = EBTWaterWaveDemoUITests;
			productName = EBTWaterWaveDemoUITests;
			productReference = 7DBFB4E11D40ADDE00747E19 /* EBTWaterWaveDemoUITests.xctest */;
			productType = "com.apple.product-type.bundle.ui-testing";
		};
/* End PBXNativeTarget section */

/* Begin PBXProject section */
		7DBFB4B51D40ADDE00747E19 /* Project object */ = {
			isa = PBXProject;
			attributes = {
				LastUpgradeCheck = 0730;
				ORGANIZATIONNAME = com.csst;
				TargetAttributes = {
					7DBFB4BC1D40ADDE00747E19 = {
						CreatedOnToolsVersion = 7.3.1;
						DevelopmentTeam = M5GARBV2GG;
					};
					7DBFB4D51D40ADDE00747E19 = {
						CreatedOnToolsVersion = 7.3.1;
						TestTargetID = 7DBFB4BC1D40ADDE00747E19;
					};
					7DBFB4E01D40ADDE00747E19 = {
						CreatedOnToolsVersion = 7.3.1;
						TestTargetID = 7DBFB4BC1D40ADDE00747E19;
					};
				};
			};
			buildConfigurationList = 7DBFB4B81D40ADDE00747E19 /* Build configuration list for PBXProject "EBTWaterWaveDemo" */;
			compatibilityVersion = "Xcode 3.2";
			developmentRegion = English;
			hasScannedForEncodings = 0;
			knownRegions = (
				en,
				Base,
			);
			mainGroup = 7DBFB4B41D40ADDE00747E19;
			productRefGroup = 7DBFB4BE1D40ADDE00747E19 /* Products */;
			projectDirPath = "";
			projectRoot = "";
			targets = (
				7DBFB4BC1D40ADDE00747E19 /* EBTWaterWaveDemo */,
				7DBFB4D51D40ADDE00747E19 /* EBTWaterWaveDemoTests */,
				7DBFB4E01D40ADDE00747E19 /* EBTWaterWaveDemoUITests */,
			);
		};
/* End PBXProject section */

/* Begin PBXResourcesBuildPhase section */
		7DBFB4BB1D40ADDE00747E19 /* Resources */ = {
			isa = PBXResourcesBuildPhase;
			buildActionMask = 2147483647;
			files = (
				7DBFB4D01D40ADDE00747E19 /* LaunchScreen.storyboard in Resources */,
				7DBFB4CD1D40ADDE00747E19 /* Assets.xcassets in Resources */,
				7DBFB4CB1D40ADDE00747E19 /* Main.storyboard in Resources */,
			);
			runOnlyForDeploymentPostprocessing = 0;
		};
		7DBFB4D41D40ADDE00747E19 /* Resources */ = {
			isa = PBXResourcesBuildPhase;
			buildActionMask = 2147483647;
			files = (
			);
			runOnlyForDeploymentPostprocessing = 0;
		};
		7DBFB4DF1D40ADDE00747E19 /* Resources */ = {
			isa = PBXResourcesBuildPhase;
			buildActionMask = 2147483647;
			files = (
			);
			runOnlyForDeploymentPostprocessing = 0;
		};
/* End PBXResourcesBuildPhase section */

/* Begin PBXSourcesBuildPhase section */
		7DBFB4B91D40ADDE00747E19 /* Sources */ = {
			isa = PBXSourcesBuildPhase;
			buildActionMask = 2147483647;
			files = (
				7DBFB4C81D40ADDE00747E19 /* ViewController.m in Sources */,
				7DBFB4F61D40AE2600747E19 /* EBTWaterWaveView.m in Sources */,
				7DBFB4C51D40ADDE00747E19 /* AppDelegate.m in Sources */,
				7DBFB4C21D40ADDE00747E19 /* main.m in Sources */,
			);
			runOnlyForDeploymentPostprocessing = 0;
		};
		7DBFB4D21D40ADDE00747E19 /* Sources */ = {
			isa = PBXSourcesBuildPhase;
			buildActionMask = 2147483647;
			files = (
				7DBFB4DB1D40ADDE00747E19 /* EBTWaterWaveDemoTests.m in Sources */,
			);
			runOnlyForDeploymentPostprocessing = 0;
		};
		7DBFB4DD1D40ADDE00747E19 /* Sources */ = {
			isa = PBXSourcesBuildPhase;
			buildActionMask = 2147483647;
			files = (
				7DBFB4E61D40ADDE00747E19 /* EBTWaterWaveDemoUITests.m in Sources */,
			);
			runOnlyForDeploymentPostprocessing = 0;
		};
/* End PBXSourcesBuildPhase section */

/* Begin PBXTargetDependency section */
		7DBFB4D81D40ADDE00747E19 /* PBXTargetDependency */ = {
			isa = PBXTargetDependency;
			target = 7DBFB4BC1D40ADDE00747E19 /* EBTWaterWaveDemo */;
			targetProxy = 7DBFB4D71D40ADDE00747E19 /* PBXContainerItemProxy */;
		};
		7DBFB4E31D40ADDE00747E19 /* PBXTargetDependency */ = {
			isa = PBXTargetDependency;
			target = 7DBFB4BC1D40ADDE00747E19 /* EBTWaterWaveDemo */;
			targetProxy = 7DBFB4E21D40ADDE00747E19 /* PBXContainerItemProxy */;
		};
/* End PBXTargetDependency section */

/* Begin PBXVariantGroup section */
		7DBFB4C91D40ADDE00747E19 /* Main.storyboard */ = {
			isa = PBXVariantGroup;
			children = (
				7DBFB4CA1D40ADDE00747E19 /* Base */,
			);
			name = Main.storyboard;
			sourceTree = "<group>";
		};
		7DBFB4CE1D40ADDE00747E19 /* LaunchScreen.storyboard */ = {
			isa = PBXVariantGroup;
			children = (
				7DBFB4CF1D40ADDE00747E19 /* Base */,
			);
			name = LaunchScreen.storyboard;
			sourceTree = "<group>";
		};
/* End PBXVariantGroup section */

/* Begin XCBuildConfiguration section */
		7DBFB4E81D40ADDE00747E19 /* Debug */ = {
			isa = XCBuildConfiguration;
			buildSettings = {
				ALWAYS_SEARCH_USER_PATHS = NO;
				CLANG_ANALYZER_NONNULL = YES;
				CLANG_CXX_LANGUAGE_STANDARD = "gnu++0x";
				CLANG_CXX_LIBRARY = "libc++";
				CLANG_ENABLE_MODULES = YES;
				CLANG_ENABLE_OBJC_ARC = YES;
				CLANG_WARN_BOOL_CONVERSION = YES;
				CLANG_WARN_CONSTANT_CONVERSION = YES;
				CLANG_WARN_DIRECT_OBJC_ISA_USAGE = YES_ERROR;
				CLANG_WARN_EMPTY_BODY = YES;
				CLANG_WARN_ENUM_CONVERSION = YES;
				CLANG_WARN_INT_CONVERSION = YES;
				CLANG_WARN_OBJC_ROOT_CLASS = YES_ERROR;
				CLANG_WARN_UNREACHABLE_CODE = YES;
				CLANG_WARN__DUPLICATE_METHOD_MATCH = YES;
				"CODE_SIGN_IDENTITY[sdk=iphoneos*]" = "iPhone Developer";
				COPY_PHASE_STRIP = NO;
				DEBUG_INFORMATION_FORMAT = dwarf;
				ENABLE_STRICT_OBJC_MSGSEND = YES;
				ENABLE_TESTABILITY = YES;
				GCC_C_LANGUAGE_STANDARD = gnu99;
				GCC_DYNAMIC_NO_PIC = NO;
				GCC_NO_COMMON_BLOCKS = YES;
				GCC_OPTIMIZATION_LEVEL = 0;
				GCC_PREPROCESSOR_DEFINITIONS = (
					"DEBUG=1",
					"$(inherited)",
				);
				GCC_WARN_64_TO_32_BIT_CONVERSION = YES;
				GCC_WARN_ABOUT_RETURN_TYPE = YES_ERROR;
				GCC_WARN_UNDECLARED_SELECTOR = YES;
				GCC_WARN_UNINITIALIZED_AUTOS = YES_AGGRESSIVE;
				GCC_WARN_UNUSED_FUNCTION = YES;
				GCC_WARN_UNUSED_VARIABLE = YES;
				IPHONEOS_DEPLOYMENT_TARGET = 9.3;
				MTL_ENABLE_DEBUG_INFO = YES;
				ONLY_ACTIVE_ARCH = YES;
				SDKROOT = iphoneos;
			};
			name = Debug;
		};
		7DBFB4E91D40ADDE00747E19 /* Release */ = {
			isa = XCBuildConfiguration;
			buildSettings = {
				ALWAYS_SEARCH_USER_PATHS = NO;
				CLANG_ANALYZER_NONNULL = YES;
				CLANG_CXX_LANGUAGE_STANDARD = "gnu++0x";
				CLANG_CXX_LIBRARY = "libc++";
				CLANG_ENABLE_MODULES = YES;
				CLANG_ENABLE_OBJC_ARC = YES;
				CLANG_WARN_BOOL_CONVERSION = YES;
				CLANG_WARN_CONSTANT_CONVERSION = YES;
				CLANG_WARN_DIRECT_OBJC_ISA_USAGE = YES_ERROR;
				CLANG_WARN_EMPTY_BODY = YES;
				CLANG_WARN_ENUM_CONVERSION = YES;
				CLANG_WARN_INT_CONVERSION = YES;
				CLANG_WARN_OBJC_ROOT_CLASS = YES_ERROR;
				CLANG_WARN_UNREACHABLE_CODE = YES;
				CLANG_WARN__DUPLICATE_METHOD_MATCH = YES;
				"CODE_SIGN_IDENTITY[sdk=iphoneos*]" = "iPhone Developer";
				COPY_PHASE_STRIP = NO;
				DEBUG_INFORMATION_FORMAT = "dwarf-with-dsym";
				ENABLE_NS_ASSERTIONS = NO;
				ENABLE_STRICT_OBJC_MSGSEND = YES;
				GCC_C_LANGUAGE_STANDARD = gnu99;
				GCC_NO_COMMON_BLOCKS = YES;
				GCC_WARN_64_TO_32_BIT_CONVERSION = YES;
				GCC_WARN_ABOUT_RETURN_TYPE = YES_ERROR;
				GCC_WARN_UNDECLARED_SELECTOR = YES;
				GCC_WARN_UNINITIALIZED_AUTOS = YES_AGGRESSIVE;
				GCC_WARN_UNUSED_FUNCTION = YES;
				GCC_WARN_UNUSED_VARIABLE = YES;
				IPHONEOS_DEPLOYMENT_TARGET = 9.3;
				MTL_ENABLE_DEBUG_INFO = NO;
				SDKROOT = iphoneos;
				VALIDATE_PRODUCT = YES;
			};
			name = Release;
		};
		7DBFB4EB1D40ADDE00747E19 /* Debug */ = {
			isa = XCBuildConfiguration;
			buildSettings = {
				ASSETCATALOG_COMPILER_APPICON_NAME = AppIcon;
				CODE_SIGN_IDENTITY = "iPhone Developer";
				INFOPLIST_FILE = EBTWaterWaveDemo/Info.plist;
				LD_RUNPATH_SEARCH_PATHS = "$(inherited) @executable_path/Frameworks";
				PRODUCT_BUNDLE_IDENTIFIER = com.csst.www.EBTWaterWaveDemo;
				PRODUCT_NAME = "$(TARGET_NAME)";
			};
			name = Debug;
		};
		7DBFB4EC1D40ADDE00747E19 /* Release */ = {
			isa = XCBuildConfiguration;
			buildSettings = {
				ASSETCATALOG_COMPILER_APPICON_NAME = AppIcon;
				CODE_SIGN_IDENTITY = "iPhone Developer";
				INFOPLIST_FILE = EBTWaterWaveDemo/Info.plist;
				LD_RUNPATH_SEARCH_PATHS = "$(inherited) @executable_path/Frameworks";
				PRODUCT_BUNDLE_IDENTIFIER = com.csst.www.EBTWaterWaveDemo;
				PRODUCT_NAME = "$(TARGET_NAME)";
			};
			name = Release;
		};
		7DBFB4EE1D40ADDE00747E19 /* Debug */ = {
			isa = XCBuildConfiguration;
			buildSettings = {
				BUNDLE_LOADER = "$(TEST_HOST)";
				INFOPLIST_FILE = EBTWaterWaveDemoTests/Info.plist;
				LD_RUNPATH_SEARCH_PATHS = "$(inherited) @executable_path/Frameworks @loader_path/Frameworks";
				PRODUCT_BUNDLE_IDENTIFIER = com.csst.www.EBTWaterWaveDemoTests;
				PRODUCT_NAME = "$(TARGET_NAME)";
				TEST_HOST = "$(BUILT_PRODUCTS_DIR)/EBTWaterWaveDemo.app/EBTWaterWaveDemo";
			};
			name = Debug;
		};
		7DBFB4EF1D40ADDE00747E19 /* Release */ = {
			isa = XCBuildConfiguration;
			buildSettings = {
				BUNDLE_LOADER = "$(TEST_HOST)";
				INFOPLIST_FILE = EBTWaterWaveDemoTests/Info.plist;
				LD_RUNPATH_SEARCH_PATHS = "$(inherited) @executable_path/Frameworks @loader_path/Frameworks";
				PRODUCT_BUNDLE_IDENTIFIER = com.csst.www.EBTWaterWaveDemoTests;
				PRODUCT_NAME = "$(TARGET_NAME)";
				TEST_HOST = "$(BUILT_PRODUCTS_DIR)/EBTWaterWaveDemo.app/EBTWaterWaveDemo";
			};
			name = Release;
		};
		7DBFB4F11D40ADDE00747E19 /* Debug */ = {
			isa = XCBuildConfiguration;
			buildSettings = {
				INFOPLIST_FILE = EBTWaterWaveDemoUITests/Info.plist;
				LD_RUNPATH_SEARCH_PATHS = "$(inherited) @executable_path/Frameworks @loader_path/Frameworks";
				PRODUCT_BUNDLE_IDENTIFIER = com.csst.www.EBTWaterWaveDemoUITests;
				PRODUCT_NAME = "$(TARGET_NAME)";
				TEST_TARGET_NAME = EBTWaterWaveDemo;
			};
			name = Debug;
		};
		7DBFB4F21D40ADDE00747E19 /* Release */ = {
			isa = XCBuildConfiguration;
			buildSettings = {
				INFOPLIST_FILE = EBTWaterWaveDemoUITests/Info.plist;
				LD_RUNPATH_SEARCH_PATHS = "$(inherited) @executable_path/Frameworks @loader_path/Frameworks";
				PRODUCT_BUNDLE_IDENTIFIER = com.csst.www.EBTWaterWaveDemoUITests;
				PRODUCT_NAME = "$(TARGET_NAME)";
				TEST_TARGET_NAME = EBTWaterWaveDemo;
			};
			name = Release;
		};
/* End XCBuildConfiguration section */

/* Begin XCConfigurationList section */
		7DBFB4B81D40ADDE00747E19 /* Build configuration list for PBXProject "EBTWaterWaveDemo" */ = {
			isa = XCConfigurationList;
			buildConfigurations = (
				7DBFB4E81D40ADDE00747E19 /* Debug */,
				7DBFB4E91D40ADDE00747E19 /* Release */,
			);
			defaultConfigurationIsVisible = 0;
			defaultConfigurationName = Release;
		};
		7DBFB4EA1D40ADDE00747E19 /* Build configuration list for PBXNativeTarget "EBTWaterWaveDemo" */ = {
			isa = XCConfigurationList;
			buildConfigurations = (
				7DBFB4EB1D40ADDE00747E19 /* Debug */,
				7DBFB4EC1D40ADDE00747E19 /* Release */,
			);
			defaultConfigurationIsVisible = 0;
		};
		7DBFB4ED1D40ADDE00747E19 /* Build configuration list for PBXNativeTarget "EBTWaterWaveDemoTests" */ = {
			isa = XCConfigurationList;
			buildConfigurations = (
				7DBFB4EE1D40ADDE00747E19 /* Debug */,
				7DBFB4EF1D40ADDE00747E19 /* Release */,
			);
			defaultConfigurationIsVisible = 0;
		};
		7DBFB4F01D40ADDE00747E19 /* Build configuration list for PBXNativeTarget "EBTWaterWaveDemoUITests" */ = {
			isa = XCConfigurationList;
			buildConfigurations = (
				7DBFB4F11D40ADDE00747E19 /* Debug */,
				7DBFB4F21D40ADDE00747E19 /* Release */,
			);
			defaultConfigurationIsVisible = 0;
		};
/* End XCConfigurationList section */
	};
	rootObject = 7DBFB4B51D40ADDE00747E19 /* Project object */;
}
